
Microsoft Visual Studio Solution File, Format Version 12.00
# Visual Studio Version 16
VisualStudioVersion = 16.0.30225.117
MinimumVisualStudioVersion = 10.0.40219.1
Project("{9A19103F-16F7-4668-BE54-9A1E7A4F7556}") = "SInterview.API", "SInterview.API\SInterview.API.csproj", "{31F6247E-2EA5-405A-9ABE-3068974994A6}"
EndProject
Project("{FAE04EC0-301F-11D3-BF4B-00C04F79EFBC}") = "SInterview.DataAccessLayer", "SInterview.DataAccessLayer\SInterview.DataAccessLayer.csproj", "{F86EBF0D-6408-4D43-A3DE-0804DC1ACC74}"
EndProject
Project("{FAE04EC0-301F-11D3-BF4B-00C04F79EFBC}") = "SInterview.BusinessLogicLayer", "SInterview.BusinessLogicLayer\SInterview.BusinessLogicLayer.csproj", "{8282D68E-AA6C-487B-BEDC-BA79F39C0227}"
EndProject
Global
	GlobalSection(SolutionConfigurationPlatforms) = preSolution
		Debug|Any CPU = Debug|Any CPU
		Release|Any CPU = Release|Any CPU
	EndGlobalSection
	GlobalSection(ProjectConfigurationPlatforms) = postSolution
		{31F6247E-2EA5-405A-9ABE-3068974994A6}.Debug|Any CPU.ActiveCfg = Debug|Any CPU
		{31F6247E-2EA5-405A-9ABE-3068974994A6}.Debug|Any CPU.Build.0 = Debug|Any CPU
		{31F6247E-2EA5-405A-9ABE-3068974994A6}.Release|Any CPU.ActiveCfg = Release|Any CPU
		{31F6247E-2EA5-405A-9ABE-3068974994A6}.Release|Any CPU.Build.0 = Release|Any CPU
		{F86EBF0D-6408-4D43-A3DE-0804DC1ACC74}.Debug|Any CPU.ActiveCfg = Debug|Any CPU
		{F86EBF0D-6408-4D43-A3DE-0804DC1ACC74}.Debug|Any CPU.Build.0 = Debug|Any CPU
		{F86EBF0D-6408-4D43-A3DE-0804DC1ACC74}.Release|Any CPU.ActiveCfg = Release|Any CPU
		{F86EBF0D-6408-4D43-A3DE-0804DC1ACC74}.Release|Any CPU.Build.0 = Release|Any CPU
		{8282D68E-AA6C-487B-BEDC-BA79F39C0227}.Debug|Any CPU.ActiveCfg = Debug|Any CPU
		{8282D68E-AA6C-487B-BEDC-BA79F39C0227}.Debug|Any CPU.Build.0 = Debug|Any CPU
		{8282D68E-AA6C-487B-BEDC-BA79F39C0227}.Release|Any CPU.ActiveCfg = Release|Any CPU
		{8282D68E-AA6C-487B-BEDC-BA79F39C0227}.Release|Any CPU.Build.0 = Release|Any CPU
	EndGlobalSection
	GlobalSection(SolutionProperties) = preSolution
		HideSolutionNode = FALSE
	EndGlobalSection
	GlobalSection(ExtensibilityGlobals) = postSolution
		SolutionGuid = {BCE1857D-7E23-4BA6-9E39-1B1DC989D0A6}
	EndGlobalSection
EndGlobal
